
Microsoft Visual Studio Solution File, Format Version 12.00
# Visual Studio Version 16
VisualStudioVersion = 16.0.32901.82
MinimumVisualStudioVersion = 10.0.40219.1
Project("{FAE04EC0-301F-11D3-BF4B-00C04F79EFBC}") = "iActivation", "iActivation\iActivation.csproj", "{8E4B3860-A433-4826-B037-FABFE14B30FD}"
EndProject
Global
	GlobalSection(SolutionConfigurationPlatforms) = preSolution
		Debug|Any CPU = Debug|Any CPU
		Release|Any CPU = Release|Any CPU
	EndGlobalSection
	GlobalSection(ProjectConfigurationPlatforms) = postSolution
		{8E4B3860-A433-4826-B037-FABFE14B30FD}.Debug|Any CPU.ActiveCfg = Debug|Any CPU
		{8E4B3860-A433-4826-B037-FABFE14B30FD}.Debug|Any CPU.Build.0 = Debug|Any CPU
		{8E4B3860-A433-4826-B037-FABFE14B30FD}.Release|Any CPU.ActiveCfg = Release|Any CPU
		{8E4B3860-A433-4826-B037-FABFE14B30FD}.Release|Any CPU.Build.0 = Release|Any CPU
	EndGlobalSection
	GlobalSection(SolutionProperties) = preSolution
		HideSolutionNode = FALSE
	EndGlobalSection
	GlobalSection(ExtensibilityGlobals) = postSolution
		SolutionGuid = {B7ABF98F-9E52-4D2F-B617-BFA8AC007AB9}
	EndGlobalSection
EndGlobal
